
Microsoft Visual Studio Solution File, Format Version 12.00
# Visual Studio Version 16
VisualStudioVersion = 16.0.31410.357
MinimumVisualStudioVersion = 10.0.40219.1
Project("{9A19103F-16F7-4668-BE54-9A1E7A4F7556}") = "AvisFormationWebAspNetCore", "AvisFormationWebAspNetCore\AvisFormationWebAspNetCore.csproj", "{CF21F1CE-3194-4898-89BF-5E2821FE7AEE}"
EndProject
Project("{FAE04EC0-301F-11D3-BF4B-00C04F79EFBC}") = "Data", "Data\Data.csproj", "{BAB9DF2D-EB01-40FC-ABBA-80994B93E40B}"
EndProject
Global
	GlobalSection(SolutionConfigurationPlatforms) = preSolution
		Debug|Any CPU = Debug|Any CPU
		Release|Any CPU = Release|Any CPU
	EndGlobalSection
	GlobalSection(ProjectConfigurationPlatforms) = postSolution
		{CF21F1CE-3194-4898-89BF-5E2821FE7AEE}.Debug|Any CPU.ActiveCfg = Debug|Any CPU
		{CF21F1CE-3194-4898-89BF-5E2821FE7AEE}.Debug|Any CPU.Build.0 = Debug|Any CPU
		{CF21F1CE-3194-4898-89BF-5E2821FE7AEE}.Release|Any CPU.ActiveCfg = Release|Any CPU
		{CF21F1CE-3194-4898-89BF-5E2821FE7AEE}.Release|Any CPU.Build.0 = Release|Any CPU
		{BAB9DF2D-EB01-40FC-ABBA-80994B93E40B}.Debug|Any CPU.ActiveCfg = Debug|Any CPU
		{BAB9DF2D-EB01-40FC-ABBA-80994B93E40B}.Debug|Any CPU.Build.0 = Debug|Any CPU
		{BAB9DF2D-EB01-40FC-ABBA-80994B93E40B}.Release|Any CPU.ActiveCfg = Release|Any CPU
		{BAB9DF2D-EB01-40FC-ABBA-80994B93E40B}.Release|Any CPU.Build.0 = Release|Any CPU
	EndGlobalSection
	GlobalSection(SolutionProperties) = preSolution
		HideSolutionNode = FALSE
	EndGlobalSection
	GlobalSection(ExtensibilityGlobals) = postSolution
		SolutionGuid = {91F8DF6C-8A4D-45C1-997E-5AA5353F2B0B}
	EndGlobalSection
EndGlobal
